
Microsoft Visual Studio Solution File, Format Version 12.00
# Visual Studio Version 16
VisualStudioVersion = 16.0.31410.357
MinimumVisualStudioVersion = 10.0.40219.1
Project("{FAE04EC0-301F-11D3-BF4B-00C04F79EFBC}") = "Test1", "Test1\Test1.csproj", "{D894965A-BB99-4A4A-9FCD-C071BA2EE13A}"
EndProject
Global
	GlobalSection(SolutionConfigurationPlatforms) = preSolution
		Debug|Any CPU = Debug|Any CPU
		Release|Any CPU = Release|Any CPU
	EndGlobalSection
	GlobalSection(ProjectConfigurationPlatforms) = postSolution
		{D894965A-BB99-4A4A-9FCD-C071BA2EE13A}.Debug|Any CPU.ActiveCfg = Debug|Any CPU
		{D894965A-BB99-4A4A-9FCD-C071BA2EE13A}.Debug|Any CPU.Build.0 = Debug|Any CPU
		{D894965A-BB99-4A4A-9FCD-C071BA2EE13A}.Release|Any CPU.ActiveCfg = Release|Any CPU
		{D894965A-BB99-4A4A-9FCD-C071BA2EE13A}.Release|Any CPU.Build.0 = Release|Any CPU
	EndGlobalSection
	GlobalSection(SolutionProperties) = preSolution
		HideSolutionNode = FALSE
	EndGlobalSection
	GlobalSection(ExtensibilityGlobals) = postSolution
		SolutionGuid = {F225BA0A-9343-41F3-9296-2004403ED2C4}
	EndGlobalSection
EndGlobal
